
Microsoft Visual Studio Solution File, Format Version 12.00
# Visual Studio Version 17
VisualStudioVersion = 17.2.32602.215
MinimumVisualStudioVersion = 10.0.40219.1
Project("{FAE04EC0-301F-11D3-BF4B-00C04F79EFBC}") = "EconomicWFApp", "EconomicWFApp\EconomicWFApp.csproj", "{308F0F0C-BA6D-41D8-BDE7-D1EE1D9C56CC}"
EndProject
Project("{9A19103F-16F7-4668-BE54-9A1E7A4F7556}") = "EconomicApp", "EcomerceApp\EconomicApp.csproj", "{1E86F14F-AF64-4CD3-9104-80FB6726A9BF}"
EndProject
Global
	GlobalSection(SolutionConfigurationPlatforms) = preSolution
		Debug|Any CPU = Debug|Any CPU
		Release|Any CPU = Release|Any CPU
	EndGlobalSection
	GlobalSection(ProjectConfigurationPlatforms) = postSolution
		{308F0F0C-BA6D-41D8-BDE7-D1EE1D9C56CC}.Debug|Any CPU.ActiveCfg = Debug|Any CPU
		{308F0F0C-BA6D-41D8-BDE7-D1EE1D9C56CC}.Debug|Any CPU.Build.0 = Debug|Any CPU
		{308F0F0C-BA6D-41D8-BDE7-D1EE1D9C56CC}.Release|Any CPU.ActiveCfg = Release|Any CPU
		{308F0F0C-BA6D-41D8-BDE7-D1EE1D9C56CC}.Release|Any CPU.Build.0 = Release|Any CPU
		{1E86F14F-AF64-4CD3-9104-80FB6726A9BF}.Debug|Any CPU.ActiveCfg = Debug|Any CPU
		{1E86F14F-AF64-4CD3-9104-80FB6726A9BF}.Debug|Any CPU.Build.0 = Debug|Any CPU
		{1E86F14F-AF64-4CD3-9104-80FB6726A9BF}.Release|Any CPU.ActiveCfg = Release|Any CPU
		{1E86F14F-AF64-4CD3-9104-80FB6726A9BF}.Release|Any CPU.Build.0 = Release|Any CPU
	EndGlobalSection
	GlobalSection(SolutionProperties) = preSolution
		HideSolutionNode = FALSE
	EndGlobalSection
	GlobalSection(ExtensibilityGlobals) = postSolution
		SolutionGuid = {210B1666-0F47-4D89-9853-756CFBA29AB7}
	EndGlobalSection
EndGlobal
